
Microsoft Visual Studio Solution File, Format Version 12.00
# Visual Studio Version 16
VisualStudioVersion = 16.0.31321.278
MinimumVisualStudioVersion = 10.0.40219.1
Project("{FAE04EC0-301F-11D3-BF4B-00C04F79EFBC}") = "NEAPrototype-Transport", "NEAPrototype-Transport\NEAPrototype-Transport.csproj", "{EC2A94EA-F0CD-4E08-9B5D-90E4E14EFF22}"
EndProject
Global
	GlobalSection(SolutionConfigurationPlatforms) = preSolution
		Debug|Any CPU = Debug|Any CPU
		Release|Any CPU = Release|Any CPU
	EndGlobalSection
	GlobalSection(ProjectConfigurationPlatforms) = postSolution
		{EC2A94EA-F0CD-4E08-9B5D-90E4E14EFF22}.Debug|Any CPU.ActiveCfg = Debug|Any CPU
		{EC2A94EA-F0CD-4E08-9B5D-90E4E14EFF22}.Debug|Any CPU.Build.0 = Debug|Any CPU
		{EC2A94EA-F0CD-4E08-9B5D-90E4E14EFF22}.Release|Any CPU.ActiveCfg = Release|Any CPU
		{EC2A94EA-F0CD-4E08-9B5D-90E4E14EFF22}.Release|Any CPU.Build.0 = Release|Any CPU
	EndGlobalSection
	GlobalSection(SolutionProperties) = preSolution
		HideSolutionNode = FALSE
	EndGlobalSection
	GlobalSection(ExtensibilityGlobals) = postSolution
		SolutionGuid = {4D664307-472F-49A2-A9EB-F0A82175317F}
	EndGlobalSection
EndGlobal
